{
  "name": "fastify-auth",
  "version": "1.0.0",
  "lockfileVersion": 2,
  "requires": true,
  "packages": {
    "": {
      "name": "fastify-auth",
      "version": "1.0.0",
      "license": "GPL-3.0-or-later",
      "dependencies": {
        "fastify-cookie": "^5.5.0",
        "fastify-plugin": "^3.0.0"
      }
    },
    "node_modules/cookie-signature": {
      "version": "1.1.0",
      "resolved": "https://registry.npmjs.org/cookie-signature/-/cookie-signature-1.1.0.tgz",
      "integrity": "sha512-Alvs19Vgq07eunykd3Xy2jF0/qSNv2u7KDbAek9H5liV1UMijbqFs5cycZvv5dVsvseT/U4H8/7/w8Koh35C4A==",
      "engines": {
        "node": ">=6.6.0"
      }
    },
    "node_modules/fastify-cookie": {
      "version": "5.5.0",
      "resolved": "https://registry.npmjs.org/fastify-cookie/-/fastify-cookie-5.5.0.tgz",
      "integrity": "sha512-XhexnjmAR4CUh3Cz6Ko0is+pa8k1bS6+nkf/i3viv4p7R1fwGtGhAXuz+b4nEM0x7pvdi5ApKY73Bp5CELZP7g==",
      "dependencies": {
        "cookie-signature": "^1.1.0",
        "fastify-plugin": "^3.0.0"
      }
    },
    "node_modules/fastify-plugin": {
      "version": "3.0.0",
      "resolved": "https://registry.npmjs.org/fastify-plugin/-/fastify-plugin-3.0.0.tgz",
      "integrity": "sha512-ZdCvKEEd92DNLps5n0v231Bha8bkz1DjnPP/aEz37rz/q42Z5JVLmgnqR4DYuNn3NXAO3IDCPyRvgvxtJ4Ym4w=="
    }
  },
  "dependencies": {
    "cookie-signature": {
      "version": "1.1.0",
      "resolved": "https://registry.npmjs.org/cookie-signature/-/cookie-signature-1.1.0.tgz",
      "integrity": "sha512-Alvs19Vgq07eunykd3Xy2jF0/qSNv2u7KDbAek9H5liV1UMijbqFs5cycZvv5dVsvseT/U4H8/7/w8Koh35C4A=="
    },
    "fastify-cookie": {
      "version": "5.5.0",
      "resolved": "https://registry.npmjs.org/fastify-cookie/-/fastify-cookie-5.5.0.tgz",
      "integrity": "sha512-XhexnjmAR4CUh3Cz6Ko0is+pa8k1bS6+nkf/i3viv4p7R1fwGtGhAXuz+b4nEM0x7pvdi5ApKY73Bp5CELZP7g==",
      "requires": {
        "cookie-signature": "^1.1.0",
        "fastify-plugin": "^3.0.0"
      }
    },
    "fastify-plugin": {
      "version": "3.0.0",
      "resolved": "https://registry.npmjs.org/fastify-plugin/-/fastify-plugin-3.0.0.tgz",
      "integrity": "sha512-ZdCvKEEd92DNLps5n0v231Bha8bkz1DjnPP/aEz37rz/q42Z5JVLmgnqR4DYuNn3NXAO3IDCPyRvgvxtJ4Ym4w=="
    }
  }
}
